// !$*UTF8*$!
{
	archiveVersion = 1;
	classes = {
	};
	objectVersion = 51;
	objects = {

/* Begin PBXBuildFile section */
		129C9694B3CD6E3CE28E59A7 /* Pods_Baseball01.framework in Frameworks */ = {isa = PBXBuildFile; fileRef = D9382AC6606B409E2EFE9D99 /* Pods_Baseball01.framework */; };
		A70F4532248690AF00F1AE28 /* AppDelegate.swift in Sources */ = {isa = PBXBuildFile; fileRef = A70F4531248690AF00F1AE28 /* AppDelegate.swift */; };
		A70F4534248690AF00F1AE28 /* SceneDelegate.swift in Sources */ = {isa = PBXBuildFile; fileRef = A70F4533248690AF00F1AE28 /* SceneDelegate.swift */; };
		A70F4539248690AF00F1AE28 /* Main.storyboard in Resources */ = {isa = PBXBuildFile; fileRef = A70F4537248690AF00F1AE28 /* Main.storyboard */; };
		A70F453B248690B100F1AE28 /* Assets.xcassets in Resources */ = {isa = PBXBuildFile; fileRef = A70F453A248690B100F1AE28 /* Assets.xcassets */; };
		A70F453E248690B100F1AE28 /* LaunchScreen.storyboard in Resources */ = {isa = PBXBuildFile; fileRef = A70F453C248690B100F1AE28 /* LaunchScreen.storyboard */; };
		A70F45462486910600F1AE28 /* CalendarViewController.swift in Sources */ = {isa = PBXBuildFile; fileRef = A70F45452486910600F1AE28 /* CalendarViewController.swift */; };
		A70F45482486919400F1AE28 /* SearchViewController.swift in Sources */ = {isa = PBXBuildFile; fileRef = A70F45472486919400F1AE28 /* SearchViewController.swift */; };
		A70F454A248691C400F1AE28 /* PostViewController.swift in Sources */ = {isa = PBXBuildFile; fileRef = A70F4549248691C400F1AE28 /* PostViewController.swift */; };
		A70F454C248691FD00F1AE28 /* InformationViewController.swift in Sources */ = {isa = PBXBuildFile; fileRef = A70F454B248691FD00F1AE28 /* InformationViewController.swift */; };
		A70F454E2486923700F1AE28 /* SettingViewController.swift in Sources */ = {isa = PBXBuildFile; fileRef = A70F454D2486923700F1AE28 /* SettingViewController.swift */; };
		A7A25F35248696B9004A8031 /* Event.swift in Sources */ = {isa = PBXBuildFile; fileRef = A7A25F34248696B9004A8031 /* Event.swift */; };
		A7A25F3724869835004A8031 /* TabBarViewController.swift in Sources */ = {isa = PBXBuildFile; fileRef = A7A25F3624869835004A8031 /* TabBarViewController.swift */; };
		A7A25F3924869900004A8031 /* Background.swift in Sources */ = {isa = PBXBuildFile; fileRef = A7A25F3824869900004A8031 /* Background.swift */; };
/* End PBXBuildFile section */

/* Begin PBXFileReference section */
		1D69D40C33698DD6C6E06AFA /* Pods-Baseball01.release.xcconfig */ = {isa = PBXFileReference; includeInIndex = 1; lastKnownFileType = text.xcconfig; name = "Pods-Baseball01.release.xcconfig"; path = "Target Support Files/Pods-Baseball01/Pods-Baseball01.release.xcconfig"; sourceTree = "<group>"; };
		A70F452E248690AF00F1AE28 /* Baseball01.app */ = {isa = PBXFileReference; explicitFileType = wrapper.application; includeInIndex = 0; path = Baseball01.app; sourceTree = BUILT_PRODUCTS_DIR; };
		A70F4531248690AF00F1AE28 /* AppDelegate.swift */ = {isa = PBXFileReference; lastKnownFileType = sourcecode.swift; path = AppDelegate.swift; sourceTree = "<group>"; };
		A70F4533248690AF00F1AE28 /* SceneDelegate.swift */ = {isa = PBXFileReference; lastKnownFileType = sourcecode.swift; path = SceneDelegate.swift; sourceTree = "<group>"; };
		A70F4538248690AF00F1AE28 /* Base */ = {isa = PBXFileReference; lastKnownFileType = file.storyboard; name = Base; path = Base.lproj/Main.storyboard; sourceTree = "<group>"; };
		A70F453A248690B100F1AE28 /* Assets.xcassets */ = {isa = PBXFileReference; lastKnownFileType = folder.assetcatalog; path = Assets.xcassets; sourceTree = "<group>"; };
		A70F453D248690B100F1AE28 /* Base */ = {isa = PBXFileReference; lastKnownFileType = file.storyboard; name = Base; path = Base.lproj/LaunchScreen.storyboard; sourceTree = "<group>"; };
		A70F453F248690B100F1AE28 /* Info.plist */ = {isa = PBXFileReference; lastKnownFileType = text.plist.xml; path = Info.plist; sourceTree = "<group>"; };
		A70F45452486910600F1AE28 /* CalendarViewController.swift */ = {isa = PBXFileReference; lastKnownFileType = sourcecode.swift; path = CalendarViewController.swift; sourceTree = "<group>"; };
		A70F45472486919400F1AE28 /* SearchViewController.swift */ = {isa = PBXFileReference; lastKnownFileType = sourcecode.swift; path = SearchViewController.swift; sourceTree = "<group>"; };
		A70F4549248691C400F1AE28 /* PostViewController.swift */ = {isa = PBXFileReference; lastKnownFileType = sourcecode.swift; path = PostViewController.swift; sourceTree = "<group>"; };
		A70F454B248691FD00F1AE28 /* InformationViewController.swift */ = {isa = PBXFileReference; lastKnownFileType = sourcecode.swift; path = InformationViewController.swift; sourceTree = "<group>"; };
		A70F454D2486923700F1AE28 /* SettingViewController.swift */ = {isa = PBXFileReference; lastKnownFileType = sourcecode.swift; path = SettingViewController.swift; sourceTree = "<group>"; };
		A7A25F34248696B9004A8031 /* Event.swift */ = {isa = PBXFileReference; lastKnownFileType = sourcecode.swift; path = Event.swift; sourceTree = "<group>"; };
		A7A25F3624869835004A8031 /* TabBarViewController.swift */ = {isa = PBXFileReference; lastKnownFileType = sourcecode.swift; path = TabBarViewController.swift; sourceTree = "<group>"; };
		A7A25F3824869900004A8031 /* Background.swift */ = {isa = PBXFileReference; lastKnownFileType = sourcecode.swift; path = Background.swift; sourceTree = "<group>"; };
		D9382AC6606B409E2EFE9D99 /* Pods_Baseball01.framework */ = {isa = PBXFileReference; explicitFileType = wrapper.framework; includeInIndex = 0; path = Pods_Baseball01.framework; sourceTree = BUILT_PRODUCTS_DIR; };
		DAC7F173452B089595B55F1B /* Pods-Baseball01.debug.xcconfig */ = {isa = PBXFileReference; includeInIndex = 1; lastKnownFileType = text.xcconfig; name = "Pods-Baseball01.debug.xcconfig"; path = "Target Support Files/Pods-Baseball01/Pods-Baseball01.debug.xcconfig"; sourceTree = "<group>"; };
/* End PBXFileReference section */

/* Begin PBXFrameworksBuildPhase section */
		A70F452B248690AF00F1AE28 /* Frameworks */ = {
			isa = PBXFrameworksBuildPhase;
			buildActionMask = 2147483647;
			files = (
				129C9694B3CD6E3CE28E59A7 /* Pods_Baseball01.framework in Frameworks */,
			);
			runOnlyForDeploymentPostprocessing = 0;
		};
/* End PBXFrameworksBuildPhase section */

/* Begin PBXGroup section */
		A70F4525248690AF00F1AE28 = {
			isa = PBXGroup;
			children = (
				A70F4530248690AF00F1AE28 /* Baseball01 */,
				A70F452F248690AF00F1AE28 /* Products */,
				CCBC2D98CE8F42C7FCA2435C /* Pods */,
				F1C732074E32D8A04FF4F609 /* Frameworks */,
			);
			sourceTree = "<group>";
		};
		A70F452F248690AF00F1AE28 /* Products */ = {
			isa = PBXGroup;
			children = (
				A70F452E248690AF00F1AE28 /* Baseball01.app */,
			);
			name = Products;
			sourceTree = "<group>";
		};
		A70F4530248690AF00F1AE28 /* Baseball01 */ = {
			isa = PBXGroup;
			children = (
				A70F4531248690AF00F1AE28 /* AppDelegate.swift */,
				A70F4533248690AF00F1AE28 /* SceneDelegate.swift */,
				A70F45452486910600F1AE28 /* CalendarViewController.swift */,
				A7A25F34248696B9004A8031 /* Event.swift */,
				A7A25F3824869900004A8031 /* Background.swift */,
				A70F45472486919400F1AE28 /* SearchViewController.swift */,
				A70F4549248691C400F1AE28 /* PostViewController.swift */,
				A70F454B248691FD00F1AE28 /* InformationViewController.swift */,
				A70F454D2486923700F1AE28 /* SettingViewController.swift */,
				A7A25F3624869835004A8031 /* TabBarViewController.swift */,
				A70F4537248690AF00F1AE28 /* Main.storyboard */,
				A70F453A248690B100F1AE28 /* Assets.xcassets */,
				A70F453C248690B100F1AE28 /* LaunchScreen.storyboard */,
				A70F453F248690B100F1AE28 /* Info.plist */,
			);
			path = Baseball01;
			sourceTree = "<group>";
		};
		CCBC2D98CE8F42C7FCA2435C /* Pods */ = {
			isa = PBXGroup;
			children = (
				DAC7F173452B089595B55F1B /* Pods-Baseball01.debug.xcconfig */,
				1D69D40C33698DD6C6E06AFA /* Pods-Baseball01.release.xcconfig */,
			);
			path = Pods;
			sourceTree = "<group>";
		};
		F1C732074E32D8A04FF4F609 /* Frameworks */ = {
			isa = PBXGroup;
			children = (
				D9382AC6606B409E2EFE9D99 /* Pods_Baseball01.framework */,
			);
			name = Frameworks;
			sourceTree = "<group>";
		};
/* End PBXGroup section */

/* Begin PBXNativeTarget section */
		A70F452D248690AF00F1AE28 /* Baseball01 */ = {
			isa = PBXNativeTarget;
			buildConfigurationList = A70F4542248690B100F1AE28 /* Build configuration list for PBXNativeTarget "Baseball01" */;
			buildPhases = (
				D759B2C4E836F7CD1F681B49 /* [CP] Check Pods Manifest.lock */,
				A70F452A248690AF00F1AE28 /* Sources */,
				A70F452B248690AF00F1AE28 /* Frameworks */,
				A70F452C248690AF00F1AE28 /* Resources */,
				D3099D6FA2D8BB1797EE9466 /* [CP] Embed Pods Frameworks */,
			);
			buildRules = (
			);
			dependencies = (
			);
			name = Baseball01;
			productName = Baseball01;
			productReference = A70F452E248690AF00F1AE28 /* Baseball01.app */;
			productType = "com.apple.product-type.application";
		};
/* End PBXNativeTarget section */

/* Begin PBXProject section */
		A70F4526248690AF00F1AE28 /* Project object */ = {
			isa = PBXProject;
			attributes = {
				LastSwiftUpdateCheck = 1110;
				LastUpgradeCheck = 1110;
				ORGANIZATIONNAME = 0003.kaori;
				TargetAttributes = {
					A70F452D248690AF00F1AE28 = {
						CreatedOnToolsVersion = 11.1;
					};
				};
			};
			buildConfigurationList = A70F4529248690AF00F1AE28 /* Build configuration list for PBXProject "Baseball01" */;
			compatibilityVersion = "Xcode 9.3";
			developmentRegion = en;
			hasScannedForEncodings = 0;
			knownRegions = (
				en,
				Base,
			);
			mainGroup = A70F4525248690AF00F1AE28;
			productRefGroup = A70F452F248690AF00F1AE28 /* Products */;
			projectDirPath = "";
			projectRoot = "";
			targets = (
				A70F452D248690AF00F1AE28 /* Baseball01 */,
			);
		};
/* End PBXProject section */

/* Begin PBXResourcesBuildPhase section */
		A70F452C248690AF00F1AE28 /* Resources */ = {
			isa = PBXResourcesBuildPhase;
			buildActionMask = 2147483647;
			files = (
				A70F453E248690B100F1AE28 /* LaunchScreen.storyboard in Resources */,
				A70F453B248690B100F1AE28 /* Assets.xcassets in Resources */,
				A70F4539248690AF00F1AE28 /* Main.storyboard in Resources */,
			);
			runOnlyForDeploymentPostprocessing = 0;
		};
/* End PBXResourcesBuildPhase section */

/* Begin PBXShellScriptBuildPhase section */
		D3099D6FA2D8BB1797EE9466 /* [CP] Embed Pods Frameworks */ = {
			isa = PBXShellScriptBuildPhase;
			buildActionMask = 2147483647;
			files = (
			);
			inputFileListPaths = (
				"${PODS_ROOT}/Target Support Files/Pods-Baseball01/Pods-Baseball01-frameworks-${CONFIGURATION}-input-files.xcfilelist",
			);
			name = "[CP] Embed Pods Frameworks";
			outputFileListPaths = (
				"${PODS_ROOT}/Target Support Files/Pods-Baseball01/Pods-Baseball01-frameworks-${CONFIGURATION}-output-files.xcfilelist",
			);
			runOnlyForDeploymentPostprocessing = 0;
			shellPath = /bin/sh;
			shellScript = "\"${PODS_ROOT}/Target Support Files/Pods-Baseball01/Pods-Baseball01-frameworks.sh\"\n";
			showEnvVarsInLog = 0;
		};
		D759B2C4E836F7CD1F681B49 /* [CP] Check Pods Manifest.lock */ = {
			isa = PBXShellScriptBuildPhase;
			buildActionMask = 2147483647;
			files = (
			);
			inputFileListPaths = (
			);
			inputPaths = (
				"${PODS_PODFILE_DIR_PATH}/Podfile.lock",
				"${PODS_ROOT}/Manifest.lock",
			);
			name = "[CP] Check Pods Manifest.lock";
			outputFileListPaths = (
			);
			outputPaths = (
				"$(DERIVED_FILE_DIR)/Pods-Baseball01-checkManifestLockResult.txt",
			);
			runOnlyForDeploymentPostprocessing = 0;
			shellPath = /bin/sh;
			shellScript = "diff \"${PODS_PODFILE_DIR_PATH}/Podfile.lock\" \"${PODS_ROOT}/Manifest.lock\" > /dev/null\nif [ $? != 0 ] ; then\n    # print error to STDERR\n    echo \"error: The sandbox is not in sync with the Podfile.lock. Run 'pod install' or update your CocoaPods installation.\" >&2\n    exit 1\nfi\n# This output is used by Xcode 'outputs' to avoid re-running this script phase.\necho \"SUCCESS\" > \"${SCRIPT_OUTPUT_FILE_0}\"\n";
			showEnvVarsInLog = 0;
		};
/* End PBXShellScriptBuildPhase section */

/* Begin PBXSourcesBuildPhase section */
		A70F452A248690AF00F1AE28 /* Sources */ = {
			isa = PBXSourcesBuildPhase;
			buildActionMask = 2147483647;
			files = (
				A7A25F35248696B9004A8031 /* Event.swift in Sources */,
				A70F454A248691C400F1AE28 /* PostViewController.swift in Sources */,
				A70F45482486919400F1AE28 /* SearchViewController.swift in Sources */,
				A70F454C248691FD00F1AE28 /* InformationViewController.swift in Sources */,
				A7A25F3724869835004A8031 /* TabBarViewController.swift in Sources */,
				A70F454E2486923700F1AE28 /* SettingViewController.swift in Sources */,
				A70F45462486910600F1AE28 /* CalendarViewController.swift in Sources */,
				A70F4532248690AF00F1AE28 /* AppDelegate.swift in Sources */,
				A70F4534248690AF00F1AE28 /* SceneDelegate.swift in Sources */,
				A7A25F3924869900004A8031 /* Background.swift in Sources */,
			);
			runOnlyForDeploymentPostprocessing = 0;
		};
/* End PBXSourcesBuildPhase section */

/* Begin PBXVariantGroup section */
		A70F4537248690AF00F1AE28 /* Main.storyboard */ = {
			isa = PBXVariantGroup;
			children = (
				A70F4538248690AF00F1AE28 /* Base */,
			);
			name = Main.storyboard;
			sourceTree = "<group>";
		};
		A70F453C248690B100F1AE28 /* LaunchScreen.storyboard */ = {
			isa = PBXVariantGroup;
			children = (
				A70F453D248690B100F1AE28 /* Base */,
			);
			name = LaunchScreen.storyboard;
			sourceTree = "<group>";
		};
/* End PBXVariantGroup section */

/* Begin XCBuildConfiguration section */
		A70F4540248690B100F1AE28 /* Debug */ = {
			isa = XCBuildConfiguration;
			buildSettings = {
				ALWAYS_SEARCH_USER_PATHS = NO;
				CLANG_ANALYZER_NONNULL = YES;
				CLANG_ANALYZER_NUMBER_OBJECT_CONVERSION = YES_AGGRESSIVE;
				CLANG_CXX_LANGUAGE_STANDARD = "gnu++14";
				CLANG_CXX_LIBRARY = "libc++";
				CLANG_ENABLE_MODULES = YES;
				CLANG_ENABLE_OBJC_ARC = YES;
				CLANG_ENABLE_OBJC_WEAK = YES;
				CLANG_WARN_BLOCK_CAPTURE_AUTORELEASING = YES;
				CLANG_WARN_BOOL_CONVERSION = YES;
				CLANG_WARN_COMMA = YES;
				CLANG_WARN_CONSTANT_CONVERSION = YES;
				CLANG_WARN_DEPRECATED_OBJC_IMPLEMENTATIONS = YES;
				CLANG_WARN_DIRECT_OBJC_ISA_USAGE = YES_ERROR;
				CLANG_WARN_DOCUMENTATION_COMMENTS = YES;
				CLANG_WARN_EMPTY_BODY = YES;
				CLANG_WARN_ENUM_CONVERSION = YES;
				CLANG_WARN_INFINITE_RECURSION = YES;
				CLANG_WARN_INT_CONVERSION = YES;
				CLANG_WARN_NON_LITERAL_NULL_CONVERSION = YES;
				CLANG_WARN_OBJC_IMPLICIT_RETAIN_SELF = YES;
				CLANG_WARN_OBJC_LITERAL_CONVERSION = YES;
				CLANG_WARN_OBJC_ROOT_CLASS = YES_ERROR;
				CLANG_WARN_RANGE_LOOP_ANALYSIS = YES;
				CLANG_WARN_STRICT_PROTOTYPES = YES;
				CLANG_WARN_SUSPICIOUS_MOVE = YES;
				CLANG_WARN_UNGUARDED_AVAILABILITY = YES_AGGRESSIVE;
				CLANG_WARN_UNREACHABLE_CODE = YES;
				CLANG_WARN__DUPLICATE_METHOD_MATCH = YES;
				COPY_PHASE_STRIP = NO;
				DEBUG_INFORMATION_FORMAT = dwarf;
				ENABLE_STRICT_OBJC_MSGSEND = YES;
				ENABLE_TESTABILITY = YES;
				GCC_C_LANGUAGE_STANDARD = gnu11;
				GCC_DYNAMIC_NO_PIC = NO;
				GCC_NO_COMMON_BLOCKS = YES;
				GCC_OPTIMIZATION_LEVEL = 0;
				GCC_PREPROCESSOR_DEFINITIONS = (
					"DEBUG=1",
					"$(inherited)",
				);
				GCC_WARN_64_TO_32_BIT_CONVERSION = YES;
				GCC_WARN_ABOUT_RETURN_TYPE = YES_ERROR;
				GCC_WARN_UNDECLARED_SELECTOR = YES;
				GCC_WARN_UNINITIALIZED_AUTOS = YES_AGGRESSIVE;
				GCC_WARN_UNUSED_FUNCTION = YES;
				GCC_WARN_UNUSED_VARIABLE = YES;
				IPHONEOS_DEPLOYMENT_TARGET = 13.1;
				MTL_ENABLE_DEBUG_INFO = INCLUDE_SOURCE;
				MTL_FAST_MATH = YES;
				ONLY_ACTIVE_ARCH = YES;
				SDKROOT = iphoneos;
				SWIFT_ACTIVE_COMPILATION_CONDITIONS = DEBUG;
				SWIFT_OPTIMIZATION_LEVEL = "-Onone";
			};
			name = Debug;
		};
		A70F4541248690B100F1AE28 /* Release */ = {
			isa = XCBuildConfiguration;
			buildSettings = {
				ALWAYS_SEARCH_USER_PATHS = NO;
				CLANG_ANALYZER_NONNULL = YES;
				CLANG_ANALYZER_NUMBER_OBJECT_CONVERSION = YES_AGGRESSIVE;
				CLANG_CXX_LANGUAGE_STANDARD = "gnu++14";
				CLANG_CXX_LIBRARY = "libc++";
				CLANG_ENABLE_MODULES = YES;
				CLANG_ENABLE_OBJC_ARC = YES;
				CLANG_ENABLE_OBJC_WEAK = YES;
				CLANG_WARN_BLOCK_CAPTURE_AUTORELEASING = YES;
				CLANG_WARN_BOOL_CONVERSION = YES;
				CLANG_WARN_COMMA = YES;
				CLANG_WARN_CONSTANT_CONVERSION = YES;
				CLANG_WARN_DEPRECATED_OBJC_IMPLEMENTATIONS = YES;
				CLANG_WARN_DIRECT_OBJC_ISA_USAGE = YES_ERROR;
				CLANG_WARN_DOCUMENTATION_COMMENTS = YES;
				CLANG_WARN_EMPTY_BODY = YES;
				CLANG_WARN_ENUM_CONVERSION = YES;
				CLANG_WARN_INFINITE_RECURSION = YES;
				CLANG_WARN_INT_CONVERSION = YES;
				CLANG_WARN_NON_LITERAL_NULL_CONVERSION = YES;
				CLANG_WARN_OBJC_IMPLICIT_RETAIN_SELF = YES;
				CLANG_WARN_OBJC_LITERAL_CONVERSION = YES;
				CLANG_WARN_OBJC_ROOT_CLASS = YES_ERROR;
				CLANG_WARN_RANGE_LOOP_ANALYSIS = YES;
				CLANG_WARN_STRICT_PROTOTYPES = YES;
				CLANG_WARN_SUSPICIOUS_MOVE = YES;
				CLANG_WARN_UNGUARDED_AVAILABILITY = YES_AGGRESSIVE;
				CLANG_WARN_UNREACHABLE_CODE = YES;
				CLANG_WARN__DUPLICATE_METHOD_MATCH = YES;
				COPY_PHASE_STRIP = NO;
				DEBUG_INFORMATION_FORMAT = "dwarf-with-dsym";
				ENABLE_NS_ASSERTIONS = NO;
				ENABLE_STRICT_OBJC_MSGSEND = YES;
				GCC_C_LANGUAGE_STANDARD = gnu11;
				GCC_NO_COMMON_BLOCKS = YES;
				GCC_WARN_64_TO_32_BIT_CONVERSION = YES;
				GCC_WARN_ABOUT_RETURN_TYPE = YES_ERROR;
				GCC_WARN_UNDECLARED_SELECTOR = YES;
				GCC_WARN_UNINITIALIZED_AUTOS = YES_AGGRESSIVE;
				GCC_WARN_UNUSED_FUNCTION = YES;
				GCC_WARN_UNUSED_VARIABLE = YES;
				IPHONEOS_DEPLOYMENT_TARGET = 13.1;
				MTL_ENABLE_DEBUG_INFO = NO;
				MTL_FAST_MATH = YES;
				SDKROOT = iphoneos;
				SWIFT_COMPILATION_MODE = wholemodule;
				SWIFT_OPTIMIZATION_LEVEL = "-O";
				VALIDATE_PRODUCT = YES;
			};
			name = Release;
		};
		A70F4543248690B100F1AE28 /* Debug */ = {
			isa = XCBuildConfiguration;
			baseConfigurationReference = DAC7F173452B089595B55F1B /* Pods-Baseball01.debug.xcconfig */;
			buildSettings = {
				ASSETCATALOG_COMPILER_APPICON_NAME = AppIcon;
				CODE_SIGN_STYLE = Automatic;
				DEVELOPMENT_TEAM = V8VU2DW2YP;
				INFOPLIST_FILE = Baseball01/Info.plist;
				LD_RUNPATH_SEARCH_PATHS = (
					"$(inherited)",
					"@executable_path/Frameworks",
				);
				PRODUCT_BUNDLE_IDENTIFIER = jp.techacademy.0003.kaori.Baseball01;
				PRODUCT_NAME = "$(TARGET_NAME)";
				SWIFT_VERSION = 5.0;
				TARGETED_DEVICE_FAMILY = "1,2";
			};
			name = Debug;
		};
		A70F4544248690B100F1AE28 /* Release */ = {
			isa = XCBuildConfiguration;
			baseConfigurationReference = 1D69D40C33698DD6C6E06AFA /* Pods-Baseball01.release.xcconfig */;
			buildSettings = {
				ASSETCATALOG_COMPILER_APPICON_NAME = AppIcon;
				CODE_SIGN_STYLE = Automatic;
				DEVELOPMENT_TEAM = V8VU2DW2YP;
				INFOPLIST_FILE = Baseball01/Info.plist;
				LD_RUNPATH_SEARCH_PATHS = (
					"$(inherited)",
					"@executable_path/Frameworks",
				);
				PRODUCT_BUNDLE_IDENTIFIER = jp.techacademy.0003.kaori.Baseball01;
				PRODUCT_NAME = "$(TARGET_NAME)";
				SWIFT_VERSION = 5.0;
				TARGETED_DEVICE_FAMILY = "1,2";
			};
			name = Release;
		};
/* End XCBuildConfiguration section */

/* Begin XCConfigurationList section */
		A70F4529248690AF00F1AE28 /* Build configuration list for PBXProject "Baseball01" */ = {
			isa = XCConfigurationList;
			buildConfigurations = (
				A70F4540248690B100F1AE28 /* Debug */,
				A70F4541248690B100F1AE28 /* Release */,
			);
			defaultConfigurationIsVisible = 0;
			defaultConfigurationName = Release;
		};
		A70F4542248690B100F1AE28 /* Build configuration list for PBXNativeTarget "Baseball01" */ = {
			isa = XCConfigurationList;
			buildConfigurations = (
				A70F4543248690B100F1AE28 /* Debug */,
				A70F4544248690B100F1AE28 /* Release */,
			);
			defaultConfigurationIsVisible = 0;
			defaultConfigurationName = Release;
		};
/* End XCConfigurationList section */
	};
	rootObject = A70F4526248690AF00F1AE28 /* Project object */;
}
